# This file is automatically @generated by Cargo.
# It is not intended for manual editing.
version = 4

[[package]]
name = "magictile"
version = "0.1.0"
dependencies = [
 "magictile-core",
]

[[package]]
name = "magictile-core"
version = "0.1.0"
dependencies = [
 "r3",
]

[[package]]
name = "r3"
version = "0.1.0"
